
Microsoft Visual Studio Solution File, Format Version 12.00
# Visual Studio 15
VisualStudioVersion = 15.0.27428.2005
MinimumVisualStudioVersion = 10.0.40219.1
Project("{9A19103F-16F7-4668-BE54-9A1E7A4F7556}") = "NLogNet", "NLogNet\NLogNet.csproj", "{FD9FDF0C-9DED-4897-97B5-523014E07AC2}"
EndProject
Project("{9A19103F-16F7-4668-BE54-9A1E7A4F7556}") = "OALogger", "OALogger\OALogger.csproj", "{2C324E61-9BED-4798-8342-ADD78624975E}"
EndProject
Project("{FAE04EC0-301F-11D3-BF4B-00C04F79EFBC}") = "Infrastructure.OALogger", "Infrastructure.OALogger\Infrastructure.OALogger.csproj", "{62F8925D-EFF9-44FF-AFA8-5441630E81DC}"
EndProject
Project("{FAE04EC0-301F-11D3-BF4B-00C04F79EFBC}") = "Core.OALogger", "Core.OALogger\Core.OALogger.csproj", "{682A8E7F-FB0A-4083-891F-EB38DF2FB60A}"
EndProject
Project("{FAE04EC0-301F-11D3-BF4B-00C04F79EFBC}") = "Services.OALogger", "Services.OALogger\Services.OALogger.csproj", "{16469938-BE18-41C6-A2C2-82F1114A7FF3}"
EndProject
Global
	GlobalSection(SolutionConfigurationPlatforms) = preSolution
		Debug|Any CPU = Debug|Any CPU
		Release|Any CPU = Release|Any CPU
	EndGlobalSection
	GlobalSection(ProjectConfigurationPlatforms) = postSolution
		{FD9FDF0C-9DED-4897-97B5-523014E07AC2}.Debug|Any CPU.ActiveCfg = Debug|Any CPU
		{FD9FDF0C-9DED-4897-97B5-523014E07AC2}.Debug|Any CPU.Build.0 = Debug|Any CPU
		{FD9FDF0C-9DED-4897-97B5-523014E07AC2}.Release|Any CPU.ActiveCfg = Release|Any CPU
		{FD9FDF0C-9DED-4897-97B5-523014E07AC2}.Release|Any CPU.Build.0 = Release|Any CPU
		{2C324E61-9BED-4798-8342-ADD78624975E}.Debug|Any CPU.ActiveCfg = Debug|Any CPU
		{2C324E61-9BED-4798-8342-ADD78624975E}.Debug|Any CPU.Build.0 = Debug|Any CPU
		{2C324E61-9BED-4798-8342-ADD78624975E}.Release|Any CPU.ActiveCfg = Release|Any CPU
		{2C324E61-9BED-4798-8342-ADD78624975E}.Release|Any CPU.Build.0 = Release|Any CPU
		{62F8925D-EFF9-44FF-AFA8-5441630E81DC}.Debug|Any CPU.ActiveCfg = Debug|Any CPU
		{62F8925D-EFF9-44FF-AFA8-5441630E81DC}.Debug|Any CPU.Build.0 = Debug|Any CPU
		{62F8925D-EFF9-44FF-AFA8-5441630E81DC}.Release|Any CPU.ActiveCfg = Release|Any CPU
		{62F8925D-EFF9-44FF-AFA8-5441630E81DC}.Release|Any CPU.Build.0 = Release|Any CPU
		{682A8E7F-FB0A-4083-891F-EB38DF2FB60A}.Debug|Any CPU.ActiveCfg = Debug|Any CPU
		{682A8E7F-FB0A-4083-891F-EB38DF2FB60A}.Debug|Any CPU.Build.0 = Debug|Any CPU
		{682A8E7F-FB0A-4083-891F-EB38DF2FB60A}.Release|Any CPU.ActiveCfg = Release|Any CPU
		{682A8E7F-FB0A-4083-891F-EB38DF2FB60A}.Release|Any CPU.Build.0 = Release|Any CPU
		{16469938-BE18-41C6-A2C2-82F1114A7FF3}.Debug|Any CPU.ActiveCfg = Debug|Any CPU
		{16469938-BE18-41C6-A2C2-82F1114A7FF3}.Debug|Any CPU.Build.0 = Debug|Any CPU
		{16469938-BE18-41C6-A2C2-82F1114A7FF3}.Release|Any CPU.ActiveCfg = Release|Any CPU
		{16469938-BE18-41C6-A2C2-82F1114A7FF3}.Release|Any CPU.Build.0 = Release|Any CPU
	EndGlobalSection
	GlobalSection(SolutionProperties) = preSolution
		HideSolutionNode = FALSE
	EndGlobalSection
	GlobalSection(ExtensibilityGlobals) = postSolution
		SolutionGuid = {43C2BE95-68D6-43A4-9BF6-C7F16EFEBDEC}
	EndGlobalSection
EndGlobal
